
Microsoft Visual Studio Solution File, Format Version 12.00
# Visual Studio 15
VisualStudioVersion = 15.0.27130.2027
MinimumVisualStudioVersion = 10.0.40219.1
Project("{FAE04EC0-301F-11D3-BF4B-00C04F79EFBC}") = "MyCars", "MyCars\MyCars.csproj", "{A2D8414D-B0D3-443C-9B2E-9533124977C9}"
EndProject
Global
	GlobalSection(SolutionConfigurationPlatforms) = preSolution
		Debug|Any CPU = Debug|Any CPU
		Release|Any CPU = Release|Any CPU
	EndGlobalSection
	GlobalSection(ProjectConfigurationPlatforms) = postSolution
		{A2D8414D-B0D3-443C-9B2E-9533124977C9}.Debug|Any CPU.ActiveCfg = Debug|Any CPU
		{A2D8414D-B0D3-443C-9B2E-9533124977C9}.Debug|Any CPU.Build.0 = Debug|Any CPU
		{A2D8414D-B0D3-443C-9B2E-9533124977C9}.Release|Any CPU.ActiveCfg = Release|Any CPU
		{A2D8414D-B0D3-443C-9B2E-9533124977C9}.Release|Any CPU.Build.0 = Release|Any CPU
	EndGlobalSection
	GlobalSection(SolutionProperties) = preSolution
		HideSolutionNode = FALSE
	EndGlobalSection
	GlobalSection(ExtensibilityGlobals) = postSolution
		SolutionGuid = {919F08C8-97B3-4103-BA50-30F9A91D5249}
	EndGlobalSection
EndGlobal
